// !$*UTF8*$!
{
	archiveVersion = 1;
	classes = {
	};
	objectVersion = 56;
	objects = {

/* Begin PBXBuildFile section */
		673EC6402B1407AB00C59B1A /* AltoDoorV2App.swift in Sources */ = {isa = PBXBuildFile; fileRef = 673EC63F2B1407AB00C59B1A /* AltoDoorV2App.swift */; };
		673EC6422B1407AB00C59B1A /* ContentView.swift in Sources */ = {isa = PBXBuildFile; fileRef = 673EC6412B1407AB00C59B1A /* ContentView.swift */; };
		673EC6442B1407AE00C59B1A /* Assets.xcassets in Resources */ = {isa = PBXBuildFile; fileRef = 673EC6432B1407AE00C59B1A /* Assets.xcassets */; };
		673EC6482B1407AE00C59B1A /* Preview Assets.xcassets in Resources */ = {isa = PBXBuildFile; fileRef = 673EC6472B1407AE00C59B1A /* Preview Assets.xcassets */; };
		673EC64F2B1407C700C59B1A /* AllViewModel.swift in Sources */ = {isa = PBXBuildFile; fileRef = 673EC64E2B1407C700C59B1A /* AllViewModel.swift */; };
		673EC65C2B14086F00C59B1A /* GoogleService-Info.plist in Resources */ = {isa = PBXBuildFile; fileRef = 673EC65B2B14086F00C59B1A /* GoogleService-Info.plist */; };
		673EC65F2B1408F200C59B1A /* AluminumDoors.swift in Sources */ = {isa = PBXBuildFile; fileRef = 673EC65E2B1408F200C59B1A /* AluminumDoors.swift */; };
		673EC6612B14091E00C59B1A /* MixDoors.swift in Sources */ = {isa = PBXBuildFile; fileRef = 673EC6602B14091E00C59B1A /* MixDoors.swift */; };
		673EC6632B14093700C59B1A /* KompaktDoors.swift in Sources */ = {isa = PBXBuildFile; fileRef = 673EC6622B14093700C59B1A /* KompaktDoors.swift */; };
		673EC6652B14097200C59B1A /* CeramicDoors.swift in Sources */ = {isa = PBXBuildFile; fileRef = 673EC6642B14097200C59B1A /* CeramicDoors.swift */; };
		673EC6672B1409A300C59B1A /* StainlessDoors.swift in Sources */ = {isa = PBXBuildFile; fileRef = 673EC6662B1409A300C59B1A /* StainlessDoors.swift */; };
		673EC6692B1409AF00C59B1A /* GlassDoors.swift in Sources */ = {isa = PBXBuildFile; fileRef = 673EC6682B1409AF00C59B1A /* GlassDoors.swift */; };
		673EC66C2B1409CB00C59B1A /* SDWebImage in Frameworks */ = {isa = PBXBuildFile; productRef = 673EC66B2B1409CB00C59B1A /* SDWebImage */; };
		673EC66E2B1409CB00C59B1A /* SDWebImageMapKit in Frameworks */ = {isa = PBXBuildFile; productRef = 673EC66D2B1409CB00C59B1A /* SDWebImageMapKit */; };
		673EC6712B1409DA00C59B1A /* SDWebImageSwiftUI in Frameworks */ = {isa = PBXBuildFile; productRef = 673EC6702B1409DA00C59B1A /* SDWebImageSwiftUI */; };
		675027E32B15FAF200486377 /* DoorInfoView.swift in Sources */ = {isa = PBXBuildFile; fileRef = 675027E22B15FAF200486377 /* DoorInfoView.swift */; };
		675027E52B16077000486377 /* FirebaseFirestore in Frameworks */ = {isa = PBXBuildFile; productRef = 675027E42B16077000486377 /* FirebaseFirestore */; };
		675027E72B16077000486377 /* FirebaseFirestoreSwift in Frameworks */ = {isa = PBXBuildFile; productRef = 675027E62B16077000486377 /* FirebaseFirestoreSwift */; };
		676F96FB2B140B34002D0F4B /* FirebaseStorage in Frameworks */ = {isa = PBXBuildFile; productRef = 676F96FA2B140B34002D0F4B /* FirebaseStorage */; };
		676F96FD2B140B39002D0F4B /* FirebaseAuth in Frameworks */ = {isa = PBXBuildFile; productRef = 676F96FC2B140B39002D0F4B /* FirebaseAuth */; };
		676F96FF2B1416C7002D0F4B /* DoorDetailsView.swift in Sources */ = {isa = PBXBuildFile; fileRef = 676F96FE2B1416C7002D0F4B /* DoorDetailsView.swift */; };
		676F97012B141913002D0F4B /* SearchBar.swift in Sources */ = {isa = PBXBuildFile; fileRef = 676F97002B141913002D0F4B /* SearchBar.swift */; };
		676F97032B14B208002D0F4B /* DeviceRotationModifier.swift in Sources */ = {isa = PBXBuildFile; fileRef = 676F97022B14B208002D0F4B /* DeviceRotationModifier.swift */; };
/* End PBXBuildFile section */

/* Begin PBXFileReference section */
		673EC63C2B1407AB00C59B1A /* AltoDoorV2.app */ = {isa = PBXFileReference; explicitFileType = wrapper.application; includeInIndex = 0; path = AltoDoorV2.app; sourceTree = BUILT_PRODUCTS_DIR; };
		673EC63F2B1407AB00C59B1A /* AltoDoorV2App.swift */ = {isa = PBXFileReference; lastKnownFileType = sourcecode.swift; path = AltoDoorV2App.swift; sourceTree = "<group>"; };
		673EC6412B1407AB00C59B1A /* ContentView.swift */ = {isa = PBXFileReference; lastKnownFileType = sourcecode.swift; path = ContentView.swift; sourceTree = "<group>"; };
		673EC6432B1407AE00C59B1A /* Assets.xcassets */ = {isa = PBXFileReference; lastKnownFileType = folder.assetcatalog; path = Assets.xcassets; sourceTree = "<group>"; };
		673EC6452B1407AE00C59B1A /* AltoDoorV2.entitlements */ = {isa = PBXFileReference; lastKnownFileType = text.plist.entitlements; path = AltoDoorV2.entitlements; sourceTree = "<group>"; };
		673EC6472B1407AE00C59B1A /* Preview Assets.xcassets */ = {isa = PBXFileReference; lastKnownFileType = folder.assetcatalog; path = "Preview Assets.xcassets"; sourceTree = "<group>"; };
		673EC64E2B1407C700C59B1A /* AllViewModel.swift */ = {isa = PBXFileReference; lastKnownFileType = sourcecode.swift; path = AllViewModel.swift; sourceTree = "<group>"; };
		673EC65B2B14086F00C59B1A /* GoogleService-Info.plist */ = {isa = PBXFileReference; fileEncoding = 4; lastKnownFileType = text.plist.xml; path = "GoogleService-Info.plist"; sourceTree = "<group>"; };
		673EC65E2B1408F200C59B1A /* AluminumDoors.swift */ = {isa = PBXFileReference; lastKnownFileType = sourcecode.swift; path = AluminumDoors.swift; sourceTree = "<group>"; };
		673EC6602B14091E00C59B1A /* MixDoors.swift */ = {isa = PBXFileReference; lastKnownFileType = sourcecode.swift; path = MixDoors.swift; sourceTree = "<group>"; };
		673EC6622B14093700C59B1A /* KompaktDoors.swift */ = {isa = PBXFileReference; lastKnownFileType = sourcecode.swift; path = KompaktDoors.swift; sourceTree = "<group>"; };
		673EC6642B14097200C59B1A /* CeramicDoors.swift */ = {isa = PBXFileReference; lastKnownFileType = sourcecode.swift; path = CeramicDoors.swift; sourceTree = "<group>"; };
		673EC6662B1409A300C59B1A /* StainlessDoors.swift */ = {isa = PBXFileReference; lastKnownFileType = sourcecode.swift; path = StainlessDoors.swift; sourceTree = "<group>"; };
		673EC6682B1409AF00C59B1A /* GlassDoors.swift */ = {isa = PBXFileReference; lastKnownFileType = sourcecode.swift; path = GlassDoors.swift; sourceTree = "<group>"; };
		675027E22B15FAF200486377 /* DoorInfoView.swift */ = {isa = PBXFileReference; lastKnownFileType = sourcecode.swift; path = DoorInfoView.swift; sourceTree = "<group>"; };
		676F96FE2B1416C7002D0F4B /* DoorDetailsView.swift */ = {isa = PBXFileReference; lastKnownFileType = sourcecode.swift; path = DoorDetailsView.swift; sourceTree = "<group>"; };
		676F97002B141913002D0F4B /* SearchBar.swift */ = {isa = PBXFileReference; lastKnownFileType = sourcecode.swift; path = SearchBar.swift; sourceTree = "<group>"; };
		676F97022B14B208002D0F4B /* DeviceRotationModifier.swift */ = {isa = PBXFileReference; lastKnownFileType = sourcecode.swift; path = DeviceRotationModifier.swift; sourceTree = "<group>"; };
/* End PBXFileReference section */

/* Begin PBXFrameworksBuildPhase section */
		673EC6392B1407AB00C59B1A /* Frameworks */ = {
			isa = PBXFrameworksBuildPhase;
			buildActionMask = 2147483647;
			files = (
				673EC66C2B1409CB00C59B1A /* SDWebImage in Frameworks */,
				676F96FD2B140B39002D0F4B /* FirebaseAuth in Frameworks */,
				676F96FB2B140B34002D0F4B /* FirebaseStorage in Frameworks */,
				675027E72B16077000486377 /* FirebaseFirestoreSwift in Frameworks */,
				673EC6712B1409DA00C59B1A /* SDWebImageSwiftUI in Frameworks */,
				673EC66E2B1409CB00C59B1A /* SDWebImageMapKit in Frameworks */,
				675027E52B16077000486377 /* FirebaseFirestore in Frameworks */,
			);
			runOnlyForDeploymentPostprocessing = 0;
		};
/* End PBXFrameworksBuildPhase section */

/* Begin PBXGroup section */
		673EC6332B1407AB00C59B1A = {
			isa = PBXGroup;
			children = (
				673EC65B2B14086F00C59B1A /* GoogleService-Info.plist */,
				673EC63E2B1407AB00C59B1A /* AltoDoorV2 */,
				673EC63D2B1407AB00C59B1A /* Products */,
				676F96F92B140B34002D0F4B /* Frameworks */,
			);
			sourceTree = "<group>";
		};
		673EC63D2B1407AB00C59B1A /* Products */ = {
			isa = PBXGroup;
			children = (
				673EC63C2B1407AB00C59B1A /* AltoDoorV2.app */,
			);
			name = Products;
			sourceTree = "<group>";
		};
		673EC63E2B1407AB00C59B1A /* AltoDoorV2 */ = {
			isa = PBXGroup;
			children = (
				673EC65D2B1408E300C59B1A /* Views */,
				673EC63F2B1407AB00C59B1A /* AltoDoorV2App.swift */,
				673EC6412B1407AB00C59B1A /* ContentView.swift */,
				673EC6432B1407AE00C59B1A /* Assets.xcassets */,
				673EC6452B1407AE00C59B1A /* AltoDoorV2.entitlements */,
				673EC6462B1407AE00C59B1A /* Preview Content */,
				673EC64E2B1407C700C59B1A /* AllViewModel.swift */,
			);
			path = AltoDoorV2;
			sourceTree = "<group>";
		};
		673EC6462B1407AE00C59B1A /* Preview Content */ = {
			isa = PBXGroup;
			children = (
				673EC6472B1407AE00C59B1A /* Preview Assets.xcassets */,
			);
			path = "Preview Content";
			sourceTree = "<group>";
		};
		673EC65D2B1408E300C59B1A /* Views */ = {
			isa = PBXGroup;
			children = (
				673EC65E2B1408F200C59B1A /* AluminumDoors.swift */,
				673EC6602B14091E00C59B1A /* MixDoors.swift */,
				673EC6622B14093700C59B1A /* KompaktDoors.swift */,
				673EC6642B14097200C59B1A /* CeramicDoors.swift */,
				673EC6662B1409A300C59B1A /* StainlessDoors.swift */,
				673EC6682B1409AF00C59B1A /* GlassDoors.swift */,
				676F96FE2B1416C7002D0F4B /* DoorDetailsView.swift */,
				676F97002B141913002D0F4B /* SearchBar.swift */,
				676F97022B14B208002D0F4B /* DeviceRotationModifier.swift */,
				675027E22B15FAF200486377 /* DoorInfoView.swift */,
			);
			path = Views;
			sourceTree = "<group>";
		};
		676F96F92B140B34002D0F4B /* Frameworks */ = {
			isa = PBXGroup;
			children = (
			);
			name = Frameworks;
			sourceTree = "<group>";
		};
/* End PBXGroup section */

/* Begin PBXNativeTarget section */
		673EC63B2B1407AB00C59B1A /* AltoDoorV2 */ = {
			isa = PBXNativeTarget;
			buildConfigurationList = 673EC64B2B1407AE00C59B1A /* Build configuration list for PBXNativeTarget "AltoDoorV2" */;
			buildPhases = (
				673EC6382B1407AB00C59B1A /* Sources */,
				673EC6392B1407AB00C59B1A /* Frameworks */,
				673EC63A2B1407AB00C59B1A /* Resources */,
			);
			buildRules = (
			);
			dependencies = (
			);
			name = AltoDoorV2;
			packageProductDependencies = (
				673EC66B2B1409CB00C59B1A /* SDWebImage */,
				673EC66D2B1409CB00C59B1A /* SDWebImageMapKit */,
				673EC6702B1409DA00C59B1A /* SDWebImageSwiftUI */,
				676F96FA2B140B34002D0F4B /* FirebaseStorage */,
				676F96FC2B140B39002D0F4B /* FirebaseAuth */,
				675027E42B16077000486377 /* FirebaseFirestore */,
				675027E62B16077000486377 /* FirebaseFirestoreSwift */,
			);
			productName = AltoDoorV2;
			productReference = 673EC63C2B1407AB00C59B1A /* AltoDoorV2.app */;
			productType = "com.apple.product-type.application";
		};
/* End PBXNativeTarget section */

/* Begin PBXProject section */
		673EC6342B1407AB00C59B1A /* Project object */ = {
			isa = PBXProject;
			attributes = {
				BuildIndependentTargetsInParallel = 1;
				LastSwiftUpdateCheck = 1500;
				LastUpgradeCheck = 1500;
				TargetAttributes = {
					673EC63B2B1407AB00C59B1A = {
						CreatedOnToolsVersion = 15.0.1;
					};
				};
			};
			buildConfigurationList = 673EC6372B1407AB00C59B1A /* Build configuration list for PBXProject "AltoDoorV2" */;
			compatibilityVersion = "Xcode 14.0";
			developmentRegion = en;
			hasScannedForEncodings = 0;
			knownRegions = (
				en,
				Base,
			);
			mainGroup = 673EC6332B1407AB00C59B1A;
			packageReferences = (
				673EC6502B14082400C59B1A /* XCRemoteSwiftPackageReference "firebase-ios-sdk" */,
				673EC66A2B1409CB00C59B1A /* XCRemoteSwiftPackageReference "SDWebImage" */,
				673EC66F2B1409DA00C59B1A /* XCRemoteSwiftPackageReference "SDWebImageSwiftUI" */,
			);
			productRefGroup = 673EC63D2B1407AB00C59B1A /* Products */;
			projectDirPath = "";
			projectRoot = "";
			targets = (
				673EC63B2B1407AB00C59B1A /* AltoDoorV2 */,
			);
		};
/* End PBXProject section */

/* Begin PBXResourcesBuildPhase section */
		673EC63A2B1407AB00C59B1A /* Resources */ = {
			isa = PBXResourcesBuildPhase;
			buildActionMask = 2147483647;
			files = (
				673EC6482B1407AE00C59B1A /* Preview Assets.xcassets in Resources */,
				673EC6442B1407AE00C59B1A /* Assets.xcassets in Resources */,
				673EC65C2B14086F00C59B1A /* GoogleService-Info.plist in Resources */,
			);
			runOnlyForDeploymentPostprocessing = 0;
		};
/* End PBXResourcesBuildPhase section */

/* Begin PBXSourcesBuildPhase section */
		673EC6382B1407AB00C59B1A /* Sources */ = {
			isa = PBXSourcesBuildPhase;
			buildActionMask = 2147483647;
			files = (
				675027E32B15FAF200486377 /* DoorInfoView.swift in Sources */,
				673EC6612B14091E00C59B1A /* MixDoors.swift in Sources */,
				673EC6422B1407AB00C59B1A /* ContentView.swift in Sources */,
				673EC6692B1409AF00C59B1A /* GlassDoors.swift in Sources */,
				673EC65F2B1408F200C59B1A /* AluminumDoors.swift in Sources */,
				673EC6652B14097200C59B1A /* CeramicDoors.swift in Sources */,
				676F96FF2B1416C7002D0F4B /* DoorDetailsView.swift in Sources */,
				673EC6672B1409A300C59B1A /* StainlessDoors.swift in Sources */,
				673EC6632B14093700C59B1A /* KompaktDoors.swift in Sources */,
				673EC6402B1407AB00C59B1A /* AltoDoorV2App.swift in Sources */,
				676F97012B141913002D0F4B /* SearchBar.swift in Sources */,
				676F97032B14B208002D0F4B /* DeviceRotationModifier.swift in Sources */,
				673EC64F2B1407C700C59B1A /* AllViewModel.swift in Sources */,
			);
			runOnlyForDeploymentPostprocessing = 0;
		};
/* End PBXSourcesBuildPhase section */

/* Begin XCBuildConfiguration section */
		673EC6492B1407AE00C59B1A /* Debug */ = {
			isa = XCBuildConfiguration;
			buildSettings = {
				ALWAYS_SEARCH_USER_PATHS = NO;
				ASSETCATALOG_COMPILER_GENERATE_SWIFT_ASSET_SYMBOL_EXTENSIONS = YES;
				CLANG_ANALYZER_NONNULL = YES;
				CLANG_ANALYZER_NUMBER_OBJECT_CONVERSION = YES_AGGRESSIVE;
				CLANG_CXX_LANGUAGE_STANDARD = "gnu++20";
				CLANG_ENABLE_MODULES = YES;
				CLANG_ENABLE_OBJC_ARC = YES;
				CLANG_ENABLE_OBJC_WEAK = YES;
				CLANG_WARN_BLOCK_CAPTURE_AUTORELEASING = YES;
				CLANG_WARN_BOOL_CONVERSION = YES;
				CLANG_WARN_COMMA = YES;
				CLANG_WARN_CONSTANT_CONVERSION = YES;
				CLANG_WARN_DEPRECATED_OBJC_IMPLEMENTATIONS = YES;
				CLANG_WARN_DIRECT_OBJC_ISA_USAGE = YES_ERROR;
				CLANG_WARN_DOCUMENTATION_COMMENTS = YES;
				CLANG_WARN_EMPTY_BODY = YES;
				CLANG_WARN_ENUM_CONVERSION = YES;
				CLANG_WARN_INFINITE_RECURSION = YES;
				CLANG_WARN_INT_CONVERSION = YES;
				CLANG_WARN_NON_LITERAL_NULL_CONVERSION = YES;
				CLANG_WARN_OBJC_IMPLICIT_RETAIN_SELF = YES;
				CLANG_WARN_OBJC_LITERAL_CONVERSION = YES;
				CLANG_WARN_OBJC_ROOT_CLASS = YES_ERROR;
				CLANG_WARN_QUOTED_INCLUDE_IN_FRAMEWORK_HEADER = YES;
				CLANG_WARN_RANGE_LOOP_ANALYSIS = YES;
				CLANG_WARN_STRICT_PROTOTYPES = YES;
				CLANG_WARN_SUSPICIOUS_MOVE = YES;
				CLANG_WARN_UNGUARDED_AVAILABILITY = YES_AGGRESSIVE;
				CLANG_WARN_UNREACHABLE_CODE = YES;
				CLANG_WARN__DUPLICATE_METHOD_MATCH = YES;
				COPY_PHASE_STRIP = NO;
				DEBUG_INFORMATION_FORMAT = dwarf;
				ENABLE_STRICT_OBJC_MSGSEND = YES;
				ENABLE_TESTABILITY = YES;
				ENABLE_USER_SCRIPT_SANDBOXING = YES;
				GCC_C_LANGUAGE_STANDARD = gnu17;
				GCC_DYNAMIC_NO_PIC = NO;
				GCC_NO_COMMON_BLOCKS = YES;
				GCC_OPTIMIZATION_LEVEL = 0;
				GCC_PREPROCESSOR_DEFINITIONS = (
					"DEBUG=1",
					"$(inherited)",
				);
				GCC_WARN_64_TO_32_BIT_CONVERSION = YES;
				GCC_WARN_ABOUT_RETURN_TYPE = YES_ERROR;
				GCC_WARN_UNDECLARED_SELECTOR = YES;
				GCC_WARN_UNINITIALIZED_AUTOS = YES_AGGRESSIVE;
				GCC_WARN_UNUSED_FUNCTION = YES;
				GCC_WARN_UNUSED_VARIABLE = YES;
				LOCALIZATION_PREFERS_STRING_CATALOGS = YES;
				MTL_ENABLE_DEBUG_INFO = INCLUDE_SOURCE;
				MTL_FAST_MATH = YES;
				ONLY_ACTIVE_ARCH = YES;
				SWIFT_ACTIVE_COMPILATION_CONDITIONS = "DEBUG $(inherited)";
				SWIFT_OPTIMIZATION_LEVEL = "-Onone";
			};
			name = Debug;
		};
		673EC64A2B1407AE00C59B1A /* Release */ = {
			isa = XCBuildConfiguration;
			buildSettings = {
				ALWAYS_SEARCH_USER_PATHS = NO;
				ASSETCATALOG_COMPILER_GENERATE_SWIFT_ASSET_SYMBOL_EXTENSIONS = YES;
				CLANG_ANALYZER_NONNULL = YES;
				CLANG_ANALYZER_NUMBER_OBJECT_CONVERSION = YES_AGGRESSIVE;
				CLANG_CXX_LANGUAGE_STANDARD = "gnu++20";
				CLANG_ENABLE_MODULES = YES;
				CLANG_ENABLE_OBJC_ARC = YES;
				CLANG_ENABLE_OBJC_WEAK = YES;
				CLANG_WARN_BLOCK_CAPTURE_AUTORELEASING = YES;
				CLANG_WARN_BOOL_CONVERSION = YES;
				CLANG_WARN_COMMA = YES;
				CLANG_WARN_CONSTANT_CONVERSION = YES;
				CLANG_WARN_DEPRECATED_OBJC_IMPLEMENTATIONS = YES;
				CLANG_WARN_DIRECT_OBJC_ISA_USAGE = YES_ERROR;
				CLANG_WARN_DOCUMENTATION_COMMENTS = YES;
				CLANG_WARN_EMPTY_BODY = YES;
				CLANG_WARN_ENUM_CONVERSION = YES;
				CLANG_WARN_INFINITE_RECURSION = YES;
				CLANG_WARN_INT_CONVERSION = YES;
				CLANG_WARN_NON_LITERAL_NULL_CONVERSION = YES;
				CLANG_WARN_OBJC_IMPLICIT_RETAIN_SELF = YES;
				CLANG_WARN_OBJC_LITERAL_CONVERSION = YES;
				CLANG_WARN_OBJC_ROOT_CLASS = YES_ERROR;
				CLANG_WARN_QUOTED_INCLUDE_IN_FRAMEWORK_HEADER = YES;
				CLANG_WARN_RANGE_LOOP_ANALYSIS = YES;
				CLANG_WARN_STRICT_PROTOTYPES = YES;
				CLANG_WARN_SUSPICIOUS_MOVE = YES;
				CLANG_WARN_UNGUARDED_AVAILABILITY = YES_AGGRESSIVE;
				CLANG_WARN_UNREACHABLE_CODE = YES;
				CLANG_WARN__DUPLICATE_METHOD_MATCH = YES;
				COPY_PHASE_STRIP = NO;
				DEBUG_INFORMATION_FORMAT = "dwarf-with-dsym";
				ENABLE_NS_ASSERTIONS = NO;
				ENABLE_STRICT_OBJC_MSGSEND = YES;
				ENABLE_USER_SCRIPT_SANDBOXING = YES;
				GCC_C_LANGUAGE_STANDARD = gnu17;
				GCC_NO_COMMON_BLOCKS = YES;
				GCC_WARN_64_TO_32_BIT_CONVERSION = YES;
				GCC_WARN_ABOUT_RETURN_TYPE = YES_ERROR;
				GCC_WARN_UNDECLARED_SELECTOR = YES;
				GCC_WARN_UNINITIALIZED_AUTOS = YES_AGGRESSIVE;
				GCC_WARN_UNUSED_FUNCTION = YES;
				GCC_WARN_UNUSED_VARIABLE = YES;
				LOCALIZATION_PREFERS_STRING_CATALOGS = YES;
				MTL_ENABLE_DEBUG_INFO = NO;
				MTL_FAST_MATH = YES;
				SWIFT_COMPILATION_MODE = wholemodule;
			};
			name = Release;
		};
		673EC64C2B1407AE00C59B1A /* Debug */ = {
			isa = XCBuildConfiguration;
			buildSettings = {
				ASSETCATALOG_COMPILER_APPICON_NAME = AppIcon;
				ASSETCATALOG_COMPILER_GLOBAL_ACCENT_COLOR_NAME = AccentColor;
				CODE_SIGN_ENTITLEMENTS = AltoDoorV2/AltoDoorV2.entitlements;
				"CODE_SIGN_IDENTITY[sdk=macosx*]" = "Apple Development";
				CODE_SIGN_STYLE = Automatic;
				CURRENT_PROJECT_VERSION = 1;
				DEVELOPMENT_ASSET_PATHS = "\"AltoDoorV2/Preview Content\"";
				DEVELOPMENT_TEAM = 659FLGR7LF;
				ENABLE_HARDENED_RUNTIME = YES;
				ENABLE_PREVIEWS = YES;
				GENERATE_INFOPLIST_FILE = YES;
				"INFOPLIST_KEY_UIApplicationSceneManifest_Generation[sdk=iphoneos*]" = YES;
				"INFOPLIST_KEY_UIApplicationSceneManifest_Generation[sdk=iphonesimulator*]" = YES;
				"INFOPLIST_KEY_UIApplicationSupportsIndirectInputEvents[sdk=iphoneos*]" = YES;
				"INFOPLIST_KEY_UIApplicationSupportsIndirectInputEvents[sdk=iphonesimulator*]" = YES;
				"INFOPLIST_KEY_UILaunchScreen_Generation[sdk=iphoneos*]" = YES;
				"INFOPLIST_KEY_UILaunchScreen_Generation[sdk=iphonesimulator*]" = YES;
				"INFOPLIST_KEY_UIStatusBarStyle[sdk=iphoneos*]" = UIStatusBarStyleDefault;
				"INFOPLIST_KEY_UIStatusBarStyle[sdk=iphonesimulator*]" = UIStatusBarStyleDefault;
				INFOPLIST_KEY_UISupportedInterfaceOrientations = "UIInterfaceOrientationLandscapeLeft UIInterfaceOrientationLandscapeRight UIInterfaceOrientationPortrait";
				INFOPLIST_KEY_UISupportedInterfaceOrientations_iPad = "UIInterfaceOrientationLandscapeLeft UIInterfaceOrientationLandscapeRight UIInterfaceOrientationPortrait UIInterfaceOrientationPortraitUpsideDown";
				IPHONEOS_DEPLOYMENT_TARGET = 17.0;
				LD_RUNPATH_SEARCH_PATHS = "@executable_path/Frameworks";
				"LD_RUNPATH_SEARCH_PATHS[sdk=macosx*]" = "@executable_path/../Frameworks";
				MACOSX_DEPLOYMENT_TARGET = 13.5;
				MARKETING_VERSION = 1.0;
				PRODUCT_BUNDLE_IDENTIFIER = com.aos.AltoDoorV2;
				PRODUCT_NAME = "$(TARGET_NAME)";
				SDKROOT = auto;
				SUPPORTED_PLATFORMS = "iphoneos iphonesimulator macosx";
				SWIFT_EMIT_LOC_STRINGS = YES;
				SWIFT_VERSION = 5.0;
				TARGETED_DEVICE_FAMILY = "1,2";
			};
			name = Debug;
		};
		673EC64D2B1407AE00C59B1A /* Release */ = {
			isa = XCBuildConfiguration;
			buildSettings = {
				ASSETCATALOG_COMPILER_APPICON_NAME = AppIcon;
				ASSETCATALOG_COMPILER_GLOBAL_ACCENT_COLOR_NAME = AccentColor;
				CODE_SIGN_ENTITLEMENTS = AltoDoorV2/AltoDoorV2.entitlements;
				"CODE_SIGN_IDENTITY[sdk=macosx*]" = "Apple Development";
				CODE_SIGN_STYLE = Automatic;
				CURRENT_PROJECT_VERSION = 1;
				DEVELOPMENT_ASSET_PATHS = "\"AltoDoorV2/Preview Content\"";
				DEVELOPMENT_TEAM = 659FLGR7LF;
				ENABLE_HARDENED_RUNTIME = YES;
				ENABLE_PREVIEWS = YES;
				GENERATE_INFOPLIST_FILE = YES;
				"INFOPLIST_KEY_UIApplicationSceneManifest_Generation[sdk=iphoneos*]" = YES;
				"INFOPLIST_KEY_UIApplicationSceneManifest_Generation[sdk=iphonesimulator*]" = YES;
				"INFOPLIST_KEY_UIApplicationSupportsIndirectInputEvents[sdk=iphoneos*]" = YES;
				"INFOPLIST_KEY_UIApplicationSupportsIndirectInputEvents[sdk=iphonesimulator*]" = YES;
				"INFOPLIST_KEY_UILaunchScreen_Generation[sdk=iphoneos*]" = YES;
				"INFOPLIST_KEY_UILaunchScreen_Generation[sdk=iphonesimulator*]" = YES;
				"INFOPLIST_KEY_UIStatusBarStyle[sdk=iphoneos*]" = UIStatusBarStyleDefault;
				"INFOPLIST_KEY_UIStatusBarStyle[sdk=iphonesimulator*]" = UIStatusBarStyleDefault;
				INFOPLIST_KEY_UISupportedInterfaceOrientations = "UIInterfaceOrientationLandscapeLeft UIInterfaceOrientationLandscapeRight UIInterfaceOrientationPortrait";
				INFOPLIST_KEY_UISupportedInterfaceOrientations_iPad = "UIInterfaceOrientationLandscapeLeft UIInterfaceOrientationLandscapeRight UIInterfaceOrientationPortrait UIInterfaceOrientationPortraitUpsideDown";
				IPHONEOS_DEPLOYMENT_TARGET = 17.0;
				LD_RUNPATH_SEARCH_PATHS = "@executable_path/Frameworks";
				"LD_RUNPATH_SEARCH_PATHS[sdk=macosx*]" = "@executable_path/../Frameworks";
				MACOSX_DEPLOYMENT_TARGET = 13.5;
				MARKETING_VERSION = 1.0;
				PRODUCT_BUNDLE_IDENTIFIER = com.aos.AltoDoorV2;
				PRODUCT_NAME = "$(TARGET_NAME)";
				SDKROOT = auto;
				SUPPORTED_PLATFORMS = "iphoneos iphonesimulator macosx";
				SWIFT_EMIT_LOC_STRINGS = YES;
				SWIFT_VERSION = 5.0;
				TARGETED_DEVICE_FAMILY = "1,2";
			};
			name = Release;
		};
/* End XCBuildConfiguration section */

/* Begin XCConfigurationList section */
		673EC6372B1407AB00C59B1A /* Build configuration list for PBXProject "AltoDoorV2" */ = {
			isa = XCConfigurationList;
			buildConfigurations = (
				673EC6492B1407AE00C59B1A /* Debug */,
				673EC64A2B1407AE00C59B1A /* Release */,
			);
			defaultConfigurationIsVisible = 0;
			defaultConfigurationName = Release;
		};
		673EC64B2B1407AE00C59B1A /* Build configuration list for PBXNativeTarget "AltoDoorV2" */ = {
			isa = XCConfigurationList;
			buildConfigurations = (
				673EC64C2B1407AE00C59B1A /* Debug */,
				673EC64D2B1407AE00C59B1A /* Release */,
			);
			defaultConfigurationIsVisible = 0;
			defaultConfigurationName = Release;
		};
/* End XCConfigurationList section */

/* Begin XCRemoteSwiftPackageReference section */
		673EC6502B14082400C59B1A /* XCRemoteSwiftPackageReference "firebase-ios-sdk" */ = {
			isa = XCRemoteSwiftPackageReference;
			repositoryURL = "https://github.com/firebase/firebase-ios-sdk.git";
			requirement = {
				kind = upToNextMajorVersion;
				minimumVersion = 10.18.0;
			};
		};
		673EC66A2B1409CB00C59B1A /* XCRemoteSwiftPackageReference "SDWebImage" */ = {
			isa = XCRemoteSwiftPackageReference;
			repositoryURL = "https://github.com/SDWebImage/SDWebImage.git";
			requirement = {
				kind = upToNextMajorVersion;
				minimumVersion = 5.18.5;
			};
		};
		673EC66F2B1409DA00C59B1A /* XCRemoteSwiftPackageReference "SDWebImageSwiftUI" */ = {
			isa = XCRemoteSwiftPackageReference;
			repositoryURL = "https://github.com/SDWebImage/SDWebImageSwiftUI.git";
			requirement = {
				kind = upToNextMajorVersion;
				minimumVersion = 2.2.4;
			};
		};
/* End XCRemoteSwiftPackageReference section */

/* Begin XCSwiftPackageProductDependency section */
		673EC66B2B1409CB00C59B1A /* SDWebImage */ = {
			isa = XCSwiftPackageProductDependency;
			package = 673EC66A2B1409CB00C59B1A /* XCRemoteSwiftPackageReference "SDWebImage" */;
			productName = SDWebImage;
		};
		673EC66D2B1409CB00C59B1A /* SDWebImageMapKit */ = {
			isa = XCSwiftPackageProductDependency;
			package = 673EC66A2B1409CB00C59B1A /* XCRemoteSwiftPackageReference "SDWebImage" */;
			productName = SDWebImageMapKit;
		};
		673EC6702B1409DA00C59B1A /* SDWebImageSwiftUI */ = {
			isa = XCSwiftPackageProductDependency;
			package = 673EC66F2B1409DA00C59B1A /* XCRemoteSwiftPackageReference "SDWebImageSwiftUI" */;
			productName = SDWebImageSwiftUI;
		};
		675027E42B16077000486377 /* FirebaseFirestore */ = {
			isa = XCSwiftPackageProductDependency;
			package = 673EC6502B14082400C59B1A /* XCRemoteSwiftPackageReference "firebase-ios-sdk" */;
			productName = FirebaseFirestore;
		};
		675027E62B16077000486377 /* FirebaseFirestoreSwift */ = {
			isa = XCSwiftPackageProductDependency;
			package = 673EC6502B14082400C59B1A /* XCRemoteSwiftPackageReference "firebase-ios-sdk" */;
			productName = FirebaseFirestoreSwift;
		};
		676F96FA2B140B34002D0F4B /* FirebaseStorage */ = {
			isa = XCSwiftPackageProductDependency;
			package = 673EC6502B14082400C59B1A /* XCRemoteSwiftPackageReference "firebase-ios-sdk" */;
			productName = FirebaseStorage;
		};
		676F96FC2B140B39002D0F4B /* FirebaseAuth */ = {
			isa = XCSwiftPackageProductDependency;
			package = 673EC6502B14082400C59B1A /* XCRemoteSwiftPackageReference "firebase-ios-sdk" */;
			productName = FirebaseAuth;
		};
/* End XCSwiftPackageProductDependency section */
	};
	rootObject = 673EC6342B1407AB00C59B1A /* Project object */;
}
